<Solution>
  <Folder Name="/src/">
    <Project Path="src/Asterisk.Platform.Core/Asterisk.Platform.Core.csproj" />
    <Project Path="src/Asterisk.Platform.Identity/Asterisk.Platform.Identity.csproj" />
    <Project Path="src/Asterisk.Platform.Conversations/Asterisk.Platform.Conversations.csproj" />
    <Project Path="src/Asterisk.Platform.Queues/Asterisk.Platform.Queues.csproj" />
    <Project Path="src/Asterisk.Platform.Channels.Core/Asterisk.Platform.Channels.Core.csproj" />
    <Project Path="src/Asterisk.Platform.Routing.Inbound/Asterisk.Platform.Routing.Inbound.csproj" />
    <Project Path="src/Asterisk.Platform.Switchboard/Asterisk.Platform.Switchboard.csproj" />
    <Project Path="src/Asterisk.Platform.Channels.Sms/Asterisk.Platform.Channels.Sms.csproj" />
    <Project Path="src/Asterisk.Platform.Channels.WebChat/Asterisk.Platform.Channels.WebChat.csproj" />
    <Project Path="src/Asterisk.Platform.Channels.WhatsApp/Asterisk.Platform.Channels.WhatsApp.csproj" />
    <Project Path="src/Asterisk.Platform.Channels.Messenger/Asterisk.Platform.Channels.Messenger.csproj" />
    <Project Path="src/Asterisk.Platform.Channels.Instagram/Asterisk.Platform.Channels.Instagram.csproj" />
    <Project Path="src/Asterisk.Platform.Channels.Telegram/Asterisk.Platform.Channels.Telegram.csproj" />
    <Project Path="src/Asterisk.Platform.Channels.Email/Asterisk.Platform.Channels.Email.csproj" />
    <Project Path="src/Asterisk.Platform.Channels.Video/Asterisk.Platform.Channels.Video.csproj" />
    <Project Path="src/Asterisk.Platform.Channels.Twitter/Asterisk.Platform.Channels.Twitter.csproj" />
    <Project Path="src/Asterisk.Platform.Channels.Rcs/Asterisk.Platform.Channels.Rcs.csproj" />
    <Project Path="src/Asterisk.Platform.KnowledgeBase/Asterisk.Platform.KnowledgeBase.csproj" />
    <Project Path="src/Asterisk.Platform.Flows/Asterisk.Platform.Flows.csproj" />
    <Project Path="src/Asterisk.Platform.Bot/Asterisk.Platform.Bot.csproj" />
    <Project Path="src/Asterisk.Platform.Surveys/Asterisk.Platform.Surveys.csproj" />
    <Project Path="src/Asterisk.Platform.Automation/Asterisk.Platform.Automation.csproj" />
    <Project Path="src/Asterisk.Platform.Audit/Asterisk.Platform.Audit.csproj" />
    <Project Path="src/Asterisk.Platform.Billing/Asterisk.Platform.Billing.csproj" />
    <Project Path="src/Asterisk.Platform.Media/Asterisk.Platform.Media.csproj" />
    <Project Path="src/Asterisk.Platform.Storage.InMemory/Asterisk.Platform.Storage.InMemory.csproj" />
    <Project Path="src/Asterisk.Platform.Storage.Postgres/Asterisk.Platform.Storage.Postgres.csproj" />
    <Project Path="src/Asterisk.Platform.Api/Asterisk.Platform.Api.csproj" />
    <Project Path="src/Asterisk.Platform.Renderer/Asterisk.Platform.Renderer.csproj" />
    <Project Path="src/Asterisk.Platform.Mail/Asterisk.Platform.Mail.csproj" />
  </Folder>
  <Folder Name="/tests/">
    <Project Path="tests/Asterisk.Platform.Core.Tests/Asterisk.Platform.Core.Tests.csproj" />
    <Project Path="tests/Asterisk.Platform.Identity.Tests/Asterisk.Platform.Identity.Tests.csproj" />
    <Project Path="tests/Asterisk.Platform.Conversations.Tests/Asterisk.Platform.Conversations.Tests.csproj" />
    <Project Path="tests/Asterisk.Platform.Queues.Tests/Asterisk.Platform.Queues.Tests.csproj" />
    <Project Path="tests/Asterisk.Platform.Channels.Core.Tests/Asterisk.Platform.Channels.Core.Tests.csproj" />
    <Project Path="tests/Asterisk.Platform.Routing.Inbound.Tests/Asterisk.Platform.Routing.Inbound.Tests.csproj" />
    <Project Path="tests/Asterisk.Platform.Switchboard.Tests/Asterisk.Platform.Switchboard.Tests.csproj" />
    <Project Path="tests/Asterisk.Platform.Channels.Sms.Tests/Asterisk.Platform.Channels.Sms.Tests.csproj" />
    <Project Path="tests/Asterisk.Platform.Channels.WebChat.Tests/Asterisk.Platform.Channels.WebChat.Tests.csproj" />
    <Project Path="tests/Asterisk.Platform.Channels.WhatsApp.Tests/Asterisk.Platform.Channels.WhatsApp.Tests.csproj" />
    <Project Path="tests/Asterisk.Platform.Channels.Messenger.Tests/Asterisk.Platform.Channels.Messenger.Tests.csproj" />
    <Project Path="tests/Asterisk.Platform.Channels.Instagram.Tests/Asterisk.Platform.Channels.Instagram.Tests.csproj" />
    <Project Path="tests/Asterisk.Platform.Channels.Telegram.Tests/Asterisk.Platform.Channels.Telegram.Tests.csproj" />
    <Project Path="tests/Asterisk.Platform.Channels.Email.Tests/Asterisk.Platform.Channels.Email.Tests.csproj" />
    <Project Path="tests/Asterisk.Platform.Channels.Video.Tests/Asterisk.Platform.Channels.Video.Tests.csproj" />
    <Project Path="tests/Asterisk.Platform.Channels.Twitter.Tests/Asterisk.Platform.Channels.Twitter.Tests.csproj" />
    <Project Path="tests/Asterisk.Platform.Channels.Rcs.Tests/Asterisk.Platform.Channels.Rcs.Tests.csproj" />
    <Project Path="tests/Asterisk.Platform.KnowledgeBase.Tests/Asterisk.Platform.KnowledgeBase.Tests.csproj" />
    <Project Path="tests/Asterisk.Platform.Flows.Tests/Asterisk.Platform.Flows.Tests.csproj" />
    <Project Path="tests/Asterisk.Platform.Bot.Tests/Asterisk.Platform.Bot.Tests.csproj" />
    <Project Path="tests/Asterisk.Platform.Surveys.Tests/Asterisk.Platform.Surveys.Tests.csproj" />
    <Project Path="tests/Asterisk.Platform.Automation.Tests/Asterisk.Platform.Automation.Tests.csproj" />
    <Project Path="tests/Asterisk.Platform.Audit.Tests/Asterisk.Platform.Audit.Tests.csproj" />
    <Project Path="tests/Asterisk.Platform.Billing.Tests/Asterisk.Platform.Billing.Tests.csproj" />
    <Project Path="tests/Asterisk.Platform.Media.Tests/Asterisk.Platform.Media.Tests.csproj" />
    <Project Path="tests/Asterisk.Platform.Storage.InMemory.Tests/Asterisk.Platform.Storage.InMemory.Tests.csproj" />
    <Project Path="tests/Asterisk.Platform.Storage.Postgres.Tests/Asterisk.Platform.Storage.Postgres.Tests.csproj" />
    <Project Path="tests/Asterisk.Platform.Api.Tests/Asterisk.Platform.Api.Tests.csproj" />
  </Folder>
</Solution>
