<Solution>
  <Folder Name="/src/">
    <Project Path="src/Verbara.Platform.Core/Verbara.Platform.Core.csproj" />
    <Project Path="src/Verbara.Platform.Identity/Verbara.Platform.Identity.csproj" />
    <Project Path="src/Verbara.Platform.Identity.Redis/Verbara.Platform.Identity.Redis.csproj" />
    <Project Path="src/Verbara.Platform.Conversations/Verbara.Platform.Conversations.csproj" />
    <Project Path="src/Verbara.Platform.Queues/Verbara.Platform.Queues.csproj" />
    <Project Path="src/Verbara.Platform.Channels.Core/Verbara.Platform.Channels.Core.csproj" />
    <Project Path="src/Verbara.Platform.Routing.Inbound/Verbara.Platform.Routing.Inbound.csproj" />
    <Project Path="src/Verbara.Platform.Switchboard/Verbara.Platform.Switchboard.csproj" />
    <Project Path="src/Verbara.Platform.Channels.Sms/Verbara.Platform.Channels.Sms.csproj" />
    <Project Path="src/Verbara.Platform.Channels.WebChat/Verbara.Platform.Channels.WebChat.csproj" />
    <Project Path="src/Verbara.Platform.Channels.WhatsApp/Verbara.Platform.Channels.WhatsApp.csproj" />
    <Project Path="src/Verbara.Platform.Channels.Messenger/Verbara.Platform.Channels.Messenger.csproj" />
    <Project Path="src/Verbara.Platform.Channels.Instagram/Verbara.Platform.Channels.Instagram.csproj" />
    <Project Path="src/Verbara.Platform.Channels.Telegram/Verbara.Platform.Channels.Telegram.csproj" />
    <Project Path="src/Verbara.Platform.Channels.Email/Verbara.Platform.Channels.Email.csproj" />
    <Project Path="src/Verbara.Platform.Channels.Video/Verbara.Platform.Channels.Video.csproj" />
    <Project Path="src/Verbara.Platform.Channels.Twitter/Verbara.Platform.Channels.Twitter.csproj" />
    <Project Path="src/Verbara.Platform.Channels.Rcs/Verbara.Platform.Channels.Rcs.csproj" />
    <Project Path="src/Verbara.Platform.KnowledgeBase/Verbara.Platform.KnowledgeBase.csproj" />
    <Project Path="src/Verbara.Platform.Llm/Verbara.Platform.Llm.csproj" />
    <Project Path="src/Verbara.Platform.Flows/Verbara.Platform.Flows.csproj" />
    <Project Path="src/Verbara.Platform.Bot/Verbara.Platform.Bot.csproj" />
    <Project Path="src/Verbara.Platform.Surveys/Verbara.Platform.Surveys.csproj" />
    <Project Path="src/Verbara.Platform.Typification/Verbara.Platform.Typification.csproj" />
    <Project Path="src/Verbara.Platform.Automation/Verbara.Platform.Automation.csproj" />
    <Project Path="src/Verbara.Platform.Audit/Verbara.Platform.Audit.csproj" />
    <Project Path="src/Verbara.Platform.Billing/Verbara.Platform.Billing.csproj" />
    <Project Path="src/Verbara.Platform.Media/Verbara.Platform.Media.csproj" />
    <Project Path="src/Verbara.Platform.Storage.InMemory/Verbara.Platform.Storage.InMemory.csproj" />
    <Project Path="src/Verbara.Platform.Storage.Postgres/Verbara.Platform.Storage.Postgres.csproj" />
    <Project Path="src/Verbara.Platform.Api/Verbara.Platform.Api.csproj" />
    <Project Path="src/Verbara.Platform.Renderer/Verbara.Platform.Renderer.csproj" />
    <Project Path="src/Verbara.Platform.Mail/Verbara.Platform.Mail.csproj" />
    <Project Path="src/Verbara.Platform.Realtime.Contracts/Verbara.Platform.Realtime.Contracts.csproj" />
    <Project Path="src/Verbara.Platform.Realtime/Verbara.Platform.Realtime.csproj" />
  </Folder>
  <Folder Name="/tests/">
    <Project Path="tests/Verbara.Platform.Core.Tests/Verbara.Platform.Core.Tests.csproj" />
    <Project Path="tests/Verbara.Platform.Identity.Tests/Verbara.Platform.Identity.Tests.csproj" />
    <Project Path="tests/Verbara.Platform.Identity.Redis.Tests/Verbara.Platform.Identity.Redis.Tests.csproj" />
    <Project Path="tests/Verbara.Platform.Conversations.Tests/Verbara.Platform.Conversations.Tests.csproj" />
    <Project Path="tests/Verbara.Platform.Queues.Tests/Verbara.Platform.Queues.Tests.csproj" />
    <Project Path="tests/Verbara.Platform.Channels.Core.Tests/Verbara.Platform.Channels.Core.Tests.csproj" />
    <Project Path="tests/Verbara.Platform.Routing.Inbound.Tests/Verbara.Platform.Routing.Inbound.Tests.csproj" />
    <Project Path="tests/Verbara.Platform.Switchboard.Tests/Verbara.Platform.Switchboard.Tests.csproj" />
    <Project Path="tests/Verbara.Platform.Channels.Sms.Tests/Verbara.Platform.Channels.Sms.Tests.csproj" />
    <Project Path="tests/Verbara.Platform.Channels.WebChat.Tests/Verbara.Platform.Channels.WebChat.Tests.csproj" />
    <Project Path="tests/Verbara.Platform.Channels.WhatsApp.Tests/Verbara.Platform.Channels.WhatsApp.Tests.csproj" />
    <Project Path="tests/Verbara.Platform.Channels.Messenger.Tests/Verbara.Platform.Channels.Messenger.Tests.csproj" />
    <Project Path="tests/Verbara.Platform.Channels.Instagram.Tests/Verbara.Platform.Channels.Instagram.Tests.csproj" />
    <Project Path="tests/Verbara.Platform.Channels.Telegram.Tests/Verbara.Platform.Channels.Telegram.Tests.csproj" />
    <Project Path="tests/Verbara.Platform.Channels.Email.Tests/Verbara.Platform.Channels.Email.Tests.csproj" />
    <Project Path="tests/Verbara.Platform.Channels.Video.Tests/Verbara.Platform.Channels.Video.Tests.csproj" />
    <Project Path="tests/Verbara.Platform.Channels.Twitter.Tests/Verbara.Platform.Channels.Twitter.Tests.csproj" />
    <Project Path="tests/Verbara.Platform.Channels.Rcs.Tests/Verbara.Platform.Channels.Rcs.Tests.csproj" />
    <Project Path="tests/Verbara.Platform.KnowledgeBase.Tests/Verbara.Platform.KnowledgeBase.Tests.csproj" />
    <Project Path="tests/Verbara.Platform.Flows.Tests/Verbara.Platform.Flows.Tests.csproj" />
    <Project Path="tests/Verbara.Platform.Llm.Tests/Verbara.Platform.Llm.Tests.csproj" />
    <Project Path="tests/Verbara.Platform.Bot.Tests/Verbara.Platform.Bot.Tests.csproj" />
    <Project Path="tests/Verbara.Platform.Surveys.Tests/Verbara.Platform.Surveys.Tests.csproj" />
    <Project Path="tests/Verbara.Platform.Typification.Tests/Verbara.Platform.Typification.Tests.csproj" />
    <Project Path="tests/Verbara.Platform.Automation.Tests/Verbara.Platform.Automation.Tests.csproj" />
    <Project Path="tests/Verbara.Platform.Audit.Tests/Verbara.Platform.Audit.Tests.csproj" />
    <Project Path="tests/Verbara.Platform.Billing.Tests/Verbara.Platform.Billing.Tests.csproj" />
    <Project Path="tests/Verbara.Platform.Media.Tests/Verbara.Platform.Media.Tests.csproj" />
    <Project Path="tests/Verbara.Platform.Storage.InMemory.Tests/Verbara.Platform.Storage.InMemory.Tests.csproj" />
    <Project Path="tests/Verbara.Platform.Storage.Postgres.Tests/Verbara.Platform.Storage.Postgres.Tests.csproj" />
    <Project Path="tests/Verbara.Platform.Api.Tests/Verbara.Platform.Api.Tests.csproj" />
    <Project Path="tests/Verbara.Platform.Mail.Tests/Verbara.Platform.Mail.Tests.csproj" />
    <Project Path="tests/Verbara.Platform.Realtime.Tests/Verbara.Platform.Realtime.Tests.csproj" />
  </Folder>
</Solution>
